
Microsoft Visual Studio Solution File, Format Version 12.00
# Visual Studio Version 16
VisualStudioVersion = 16.0.32510.428
MinimumVisualStudioVersion = 10.0.40219.1
Project("{9A19103F-16F7-4668-BE54-9A1E7A4F7556}") = "MercedesBenzLibrary", "MercedesBenzLibrary\MercedesBenzLibrary.csproj", "{E6F3B126-09CB-4B13-B3D3-E70DB8FD8212}"
EndProject
Project("{9A19103F-16F7-4668-BE54-9A1E7A4F7556}") = "MercedesBenzModel", "MercedesBenzModel\MercedesBenzModel.csproj", "{6ECCB892-825E-4990-8A76-39BB394FDCF0}"
EndProject
Project("{9A19103F-16F7-4668-BE54-9A1E7A4F7556}") = "MercedesBenzSecurity", "MercedesBenzSecurity\MercedesBenzSecurity.csproj", "{69A9A62F-2C6D-4D42-9E09-29B4DC37CB5B}"
EndProject
Project("{9A19103F-16F7-4668-BE54-9A1E7A4F7556}") = "MercedesBenzServerWeb", "MercedesBenzServerWeb\MercedesBenzServerWeb.csproj", "{9F66A1B6-00FE-4F10-B13E-FD53DC1D8A4F}"
EndProject
Project("{9A19103F-16F7-4668-BE54-9A1E7A4F7556}") = "MercedesBenzDBContext", "MercedesBenzDBContext\MercedesBenzDBContext.csproj", "{250A8536-C04B-4F6E-93BD-11E5C8C90278}"
EndProject
Project("{9A19103F-16F7-4668-BE54-9A1E7A4F7556}") = "MercedesBenzJwtAuthentication", "MercedesBenzJwtAuthentication\MercedesBenzJwtAuthentication.csproj", "{16EAFB3A-7C74-4866-B390-DCABBEE92E73}"
EndProject
Project("{9A19103F-16F7-4668-BE54-9A1E7A4F7556}") = "MercedesBenzApiGateway", "MercedesBenzApiGateway\MercedesBenzApiGateway.csproj", "{8EAEC41A-1666-4C15-A42F-15AC069863CE}"
EndProject
Project("{9A19103F-16F7-4668-BE54-9A1E7A4F7556}") = "MercedesBenzApiPaquetes", "MercedesBenzApiPaquetes\MercedesBenzApiPaquetes.csproj", "{40D0B8C1-CACD-406A-A77B-500AD01DE066}"
EndProject
Project("{9A19103F-16F7-4668-BE54-9A1E7A4F7556}") = "MercedesBenzApiReportes", "MercedesBenzApiReportes\MercedesBenzApiReportes.csproj", "{8EF91D7A-55BC-47A0-A01B-433351D389D2}"
EndProject
Project("{9A19103F-16F7-4668-BE54-9A1E7A4F7556}") = "MercedesBenzApiUsuarios", "MercedesBenzApiUsuarios\MercedesBenzApiUsuarios.csproj", "{0589E03B-21E9-4B1B-ADAE-D3BE7A413E31}"
EndProject
Project("{9A19103F-16F7-4668-BE54-9A1E7A4F7556}") = "MercedesBenzApiAgencias", "MercedesBenzApiAgencias\MercedesBenzApiAgencias.csproj", "{85279B2B-9693-4951-9D3F-7BC8FA7455A5}"
EndProject
Project("{9A19103F-16F7-4668-BE54-9A1E7A4F7556}") = "MercedesBenzApiBusquedas", "MercedesBenzApiBusquedas\MercedesBenzApiBusquedas.csproj", "{E87F5D4F-9945-44FB-8C55-E059811027EC}"
EndProject
Project("{9A19103F-16F7-4668-BE54-9A1E7A4F7556}") = "MercedesBenzApiCatalogos", "MercedesBenzApiCatalogos\MercedesBenzApiCatalogos.csproj", "{F3F7FBDB-D0C3-403F-951C-96EF420A7CEA}"
EndProject
Project("{2150E333-8FDC-42A3-9474-1A3956D46DE8}") = "Solution Items", "Solution Items", "{8ADA8BBC-D40F-46DA-AAC9-621DCC8CE8B3}"
	ProjectSection(SolutionItems) = preProject
		.filenesting.json = .filenesting.json
	EndProjectSection
EndProject
Project("{9A19103F-16F7-4668-BE54-9A1E7A4F7556}") = "MercedesBenzApiAutenticacion", "MercedesBenzApiAutenticacion\MercedesBenzApiAutenticacion.csproj", "{C620D55D-7CAC-4D2C-A079-078ED0EC57DA}"
EndProject
Project("{9A19103F-16F7-4668-BE54-9A1E7A4F7556}") = "MercedesBenzLogger", "MercedesBenzLogger\MercedesBenzLogger.csproj", "{6AAEDB22-0789-4841-B5E6-7D584D27D1E9}"
EndProject
Project("{9A19103F-16F7-4668-BE54-9A1E7A4F7556}") = "MercedesBenzApiRecuperacion", "MercedesBenzApiRecuperacion\MercedesBenzApiRecuperacion.csproj", "{D82F4877-3ECB-49DE-B3A2-F54F82A48381}"
EndProject
Project("{9A19103F-16F7-4668-BE54-9A1E7A4F7556}") = "MercedesBenzApiServicios", "MercedesBenzApiValidacion\MercedesBenzApiServicios.csproj", "{CA7A16D4-6422-4BA2-9EE9-E413C3967AD8}"
EndProject
Project("{9A19103F-16F7-4668-BE54-9A1E7A4F7556}") = "MercedesBenzApiAfis", "MercedesBenzApiAfis\MercedesBenzApiAfis.csproj", "{20C15B61-1814-44D7-929C-2D80ADEFE4C7}"
EndProject
Project("{9A19103F-16F7-4668-BE54-9A1E7A4F7556}") = "MercedesBenzDBValidaciones", "MercedesBenzDBValidaciones\MercedesBenzDBValidaciones.csproj", "{91AA3C79-E08F-42E5-BAE3-3F83D804F963}"
EndProject
Global
	GlobalSection(SolutionConfigurationPlatforms) = preSolution
		Debug|Any CPU = Debug|Any CPU
		Debug|x64 = Debug|x64
		Release|Any CPU = Release|Any CPU
		Release|x64 = Release|x64
	EndGlobalSection
	GlobalSection(ProjectConfigurationPlatforms) = postSolution
		{E6F3B126-09CB-4B13-B3D3-E70DB8FD8212}.Debug|Any CPU.ActiveCfg = Debug|Any CPU
		{E6F3B126-09CB-4B13-B3D3-E70DB8FD8212}.Debug|Any CPU.Build.0 = Debug|Any CPU
		{E6F3B126-09CB-4B13-B3D3-E70DB8FD8212}.Debug|x64.ActiveCfg = Debug|x64
		{E6F3B126-09CB-4B13-B3D3-E70DB8FD8212}.Debug|x64.Build.0 = Debug|x64
		{E6F3B126-09CB-4B13-B3D3-E70DB8FD8212}.Release|Any CPU.ActiveCfg = Release|Any CPU
		{E6F3B126-09CB-4B13-B3D3-E70DB8FD8212}.Release|Any CPU.Build.0 = Release|Any CPU
		{E6F3B126-09CB-4B13-B3D3-E70DB8FD8212}.Release|x64.ActiveCfg = Release|x64
		{E6F3B126-09CB-4B13-B3D3-E70DB8FD8212}.Release|x64.Build.0 = Release|x64
		{6ECCB892-825E-4990-8A76-39BB394FDCF0}.Debug|Any CPU.ActiveCfg = Debug|Any CPU
		{6ECCB892-825E-4990-8A76-39BB394FDCF0}.Debug|Any CPU.Build.0 = Debug|Any CPU
		{6ECCB892-825E-4990-8A76-39BB394FDCF0}.Debug|x64.ActiveCfg = Debug|x64
		{6ECCB892-825E-4990-8A76-39BB394FDCF0}.Debug|x64.Build.0 = Debug|x64
		{6ECCB892-825E-4990-8A76-39BB394FDCF0}.Release|Any CPU.ActiveCfg = Release|Any CPU
		{6ECCB892-825E-4990-8A76-39BB394FDCF0}.Release|Any CPU.Build.0 = Release|Any CPU
		{6ECCB892-825E-4990-8A76-39BB394FDCF0}.Release|x64.ActiveCfg = Release|x64
		{6ECCB892-825E-4990-8A76-39BB394FDCF0}.Release|x64.Build.0 = Release|x64
		{69A9A62F-2C6D-4D42-9E09-29B4DC37CB5B}.Debug|Any CPU.ActiveCfg = Debug|Any CPU
		{69A9A62F-2C6D-4D42-9E09-29B4DC37CB5B}.Debug|Any CPU.Build.0 = Debug|Any CPU
		{69A9A62F-2C6D-4D42-9E09-29B4DC37CB5B}.Debug|x64.ActiveCfg = Debug|x64
		{69A9A62F-2C6D-4D42-9E09-29B4DC37CB5B}.Debug|x64.Build.0 = Debug|x64
		{69A9A62F-2C6D-4D42-9E09-29B4DC37CB5B}.Release|Any CPU.ActiveCfg = Release|Any CPU
		{69A9A62F-2C6D-4D42-9E09-29B4DC37CB5B}.Release|Any CPU.Build.0 = Release|Any CPU
		{69A9A62F-2C6D-4D42-9E09-29B4DC37CB5B}.Release|x64.ActiveCfg = Release|x64
		{69A9A62F-2C6D-4D42-9E09-29B4DC37CB5B}.Release|x64.Build.0 = Release|x64
		{9F66A1B6-00FE-4F10-B13E-FD53DC1D8A4F}.Debug|Any CPU.ActiveCfg = Debug|Any CPU
		{9F66A1B6-00FE-4F10-B13E-FD53DC1D8A4F}.Debug|Any CPU.Build.0 = Debug|Any CPU
		{9F66A1B6-00FE-4F10-B13E-FD53DC1D8A4F}.Debug|x64.ActiveCfg = Debug|x64
		{9F66A1B6-00FE-4F10-B13E-FD53DC1D8A4F}.Debug|x64.Build.0 = Debug|x64
		{9F66A1B6-00FE-4F10-B13E-FD53DC1D8A4F}.Release|Any CPU.ActiveCfg = Release|Any CPU
		{9F66A1B6-00FE-4F10-B13E-FD53DC1D8A4F}.Release|Any CPU.Build.0 = Release|Any CPU
		{9F66A1B6-00FE-4F10-B13E-FD53DC1D8A4F}.Release|x64.ActiveCfg = Release|x64
		{9F66A1B6-00FE-4F10-B13E-FD53DC1D8A4F}.Release|x64.Build.0 = Release|x64
		{250A8536-C04B-4F6E-93BD-11E5C8C90278}.Debug|Any CPU.ActiveCfg = Debug|Any CPU
		{250A8536-C04B-4F6E-93BD-11E5C8C90278}.Debug|Any CPU.Build.0 = Debug|Any CPU
		{250A8536-C04B-4F6E-93BD-11E5C8C90278}.Debug|x64.ActiveCfg = Debug|x64
		{250A8536-C04B-4F6E-93BD-11E5C8C90278}.Debug|x64.Build.0 = Debug|x64
		{250A8536-C04B-4F6E-93BD-11E5C8C90278}.Release|Any CPU.ActiveCfg = Release|Any CPU
		{250A8536-C04B-4F6E-93BD-11E5C8C90278}.Release|Any CPU.Build.0 = Release|Any CPU
		{250A8536-C04B-4F6E-93BD-11E5C8C90278}.Release|x64.ActiveCfg = Release|x64
		{250A8536-C04B-4F6E-93BD-11E5C8C90278}.Release|x64.Build.0 = Release|x64
		{16EAFB3A-7C74-4866-B390-DCABBEE92E73}.Debug|Any CPU.ActiveCfg = Debug|Any CPU
		{16EAFB3A-7C74-4866-B390-DCABBEE92E73}.Debug|Any CPU.Build.0 = Debug|Any CPU
		{16EAFB3A-7C74-4866-B390-DCABBEE92E73}.Debug|x64.ActiveCfg = Debug|x64
		{16EAFB3A-7C74-4866-B390-DCABBEE92E73}.Debug|x64.Build.0 = Debug|x64
		{16EAFB3A-7C74-4866-B390-DCABBEE92E73}.Release|Any CPU.ActiveCfg = Release|Any CPU
		{16EAFB3A-7C74-4866-B390-DCABBEE92E73}.Release|Any CPU.Build.0 = Release|Any CPU
		{16EAFB3A-7C74-4866-B390-DCABBEE92E73}.Release|x64.ActiveCfg = Release|x64
		{16EAFB3A-7C74-4866-B390-DCABBEE92E73}.Release|x64.Build.0 = Release|x64
		{8EAEC41A-1666-4C15-A42F-15AC069863CE}.Debug|Any CPU.ActiveCfg = Debug|Any CPU
		{8EAEC41A-1666-4C15-A42F-15AC069863CE}.Debug|Any CPU.Build.0 = Debug|Any CPU
		{8EAEC41A-1666-4C15-A42F-15AC069863CE}.Debug|x64.ActiveCfg = Debug|x64
		{8EAEC41A-1666-4C15-A42F-15AC069863CE}.Debug|x64.Build.0 = Debug|x64
		{8EAEC41A-1666-4C15-A42F-15AC069863CE}.Release|Any CPU.ActiveCfg = Release|Any CPU
		{8EAEC41A-1666-4C15-A42F-15AC069863CE}.Release|Any CPU.Build.0 = Release|Any CPU
		{8EAEC41A-1666-4C15-A42F-15AC069863CE}.Release|x64.ActiveCfg = Release|x64
		{8EAEC41A-1666-4C15-A42F-15AC069863CE}.Release|x64.Build.0 = Release|x64
		{40D0B8C1-CACD-406A-A77B-500AD01DE066}.Debug|Any CPU.ActiveCfg = Debug|Any CPU
		{40D0B8C1-CACD-406A-A77B-500AD01DE066}.Debug|Any CPU.Build.0 = Debug|Any CPU
		{40D0B8C1-CACD-406A-A77B-500AD01DE066}.Debug|x64.ActiveCfg = Debug|x64
		{40D0B8C1-CACD-406A-A77B-500AD01DE066}.Debug|x64.Build.0 = Debug|x64
		{40D0B8C1-CACD-406A-A77B-500AD01DE066}.Release|Any CPU.ActiveCfg = Release|Any CPU
		{40D0B8C1-CACD-406A-A77B-500AD01DE066}.Release|Any CPU.Build.0 = Release|Any CPU
		{40D0B8C1-CACD-406A-A77B-500AD01DE066}.Release|x64.ActiveCfg = Release|x64
		{40D0B8C1-CACD-406A-A77B-500AD01DE066}.Release|x64.Build.0 = Release|x64
		{8EF91D7A-55BC-47A0-A01B-433351D389D2}.Debug|Any CPU.ActiveCfg = Debug|Any CPU
		{8EF91D7A-55BC-47A0-A01B-433351D389D2}.Debug|Any CPU.Build.0 = Debug|Any CPU
		{8EF91D7A-55BC-47A0-A01B-433351D389D2}.Debug|x64.ActiveCfg = Debug|x64
		{8EF91D7A-55BC-47A0-A01B-433351D389D2}.Debug|x64.Build.0 = Debug|x64
		{8EF91D7A-55BC-47A0-A01B-433351D389D2}.Release|Any CPU.ActiveCfg = Release|Any CPU
		{8EF91D7A-55BC-47A0-A01B-433351D389D2}.Release|Any CPU.Build.0 = Release|Any CPU
		{8EF91D7A-55BC-47A0-A01B-433351D389D2}.Release|x64.ActiveCfg = Release|x64
		{8EF91D7A-55BC-47A0-A01B-433351D389D2}.Release|x64.Build.0 = Release|x64
		{0589E03B-21E9-4B1B-ADAE-D3BE7A413E31}.Debug|Any CPU.ActiveCfg = Debug|Any CPU
		{0589E03B-21E9-4B1B-ADAE-D3BE7A413E31}.Debug|Any CPU.Build.0 = Debug|Any CPU
		{0589E03B-21E9-4B1B-ADAE-D3BE7A413E31}.Debug|x64.ActiveCfg = Debug|x64
		{0589E03B-21E9-4B1B-ADAE-D3BE7A413E31}.Debug|x64.Build.0 = Debug|x64
		{0589E03B-21E9-4B1B-ADAE-D3BE7A413E31}.Release|Any CPU.ActiveCfg = Release|Any CPU
		{0589E03B-21E9-4B1B-ADAE-D3BE7A413E31}.Release|Any CPU.Build.0 = Release|Any CPU
		{0589E03B-21E9-4B1B-ADAE-D3BE7A413E31}.Release|x64.ActiveCfg = Release|x64
		{0589E03B-21E9-4B1B-ADAE-D3BE7A413E31}.Release|x64.Build.0 = Release|x64
		{85279B2B-9693-4951-9D3F-7BC8FA7455A5}.Debug|Any CPU.ActiveCfg = Debug|Any CPU
		{85279B2B-9693-4951-9D3F-7BC8FA7455A5}.Debug|Any CPU.Build.0 = Debug|Any CPU
		{85279B2B-9693-4951-9D3F-7BC8FA7455A5}.Debug|x64.ActiveCfg = Debug|x64
		{85279B2B-9693-4951-9D3F-7BC8FA7455A5}.Debug|x64.Build.0 = Debug|x64
		{85279B2B-9693-4951-9D3F-7BC8FA7455A5}.Release|Any CPU.ActiveCfg = Release|Any CPU
		{85279B2B-9693-4951-9D3F-7BC8FA7455A5}.Release|Any CPU.Build.0 = Release|Any CPU
		{85279B2B-9693-4951-9D3F-7BC8FA7455A5}.Release|x64.ActiveCfg = Release|x64
		{85279B2B-9693-4951-9D3F-7BC8FA7455A5}.Release|x64.Build.0 = Release|x64
		{E87F5D4F-9945-44FB-8C55-E059811027EC}.Debug|Any CPU.ActiveCfg = Debug|Any CPU
		{E87F5D4F-9945-44FB-8C55-E059811027EC}.Debug|Any CPU.Build.0 = Debug|Any CPU
		{E87F5D4F-9945-44FB-8C55-E059811027EC}.Debug|x64.ActiveCfg = Debug|x64
		{E87F5D4F-9945-44FB-8C55-E059811027EC}.Debug|x64.Build.0 = Debug|x64
		{E87F5D4F-9945-44FB-8C55-E059811027EC}.Release|Any CPU.ActiveCfg = Release|Any CPU
		{E87F5D4F-9945-44FB-8C55-E059811027EC}.Release|Any CPU.Build.0 = Release|Any CPU
		{E87F5D4F-9945-44FB-8C55-E059811027EC}.Release|x64.ActiveCfg = Release|x64
		{E87F5D4F-9945-44FB-8C55-E059811027EC}.Release|x64.Build.0 = Release|x64
		{F3F7FBDB-D0C3-403F-951C-96EF420A7CEA}.Debug|Any CPU.ActiveCfg = Debug|Any CPU
		{F3F7FBDB-D0C3-403F-951C-96EF420A7CEA}.Debug|Any CPU.Build.0 = Debug|Any CPU
		{F3F7FBDB-D0C3-403F-951C-96EF420A7CEA}.Debug|x64.ActiveCfg = Debug|x64
		{F3F7FBDB-D0C3-403F-951C-96EF420A7CEA}.Debug|x64.Build.0 = Debug|x64
		{F3F7FBDB-D0C3-403F-951C-96EF420A7CEA}.Release|Any CPU.ActiveCfg = Release|Any CPU
		{F3F7FBDB-D0C3-403F-951C-96EF420A7CEA}.Release|Any CPU.Build.0 = Release|Any CPU
		{F3F7FBDB-D0C3-403F-951C-96EF420A7CEA}.Release|x64.ActiveCfg = Release|x64
		{F3F7FBDB-D0C3-403F-951C-96EF420A7CEA}.Release|x64.Build.0 = Release|x64
		{C620D55D-7CAC-4D2C-A079-078ED0EC57DA}.Debug|Any CPU.ActiveCfg = Debug|Any CPU
		{C620D55D-7CAC-4D2C-A079-078ED0EC57DA}.Debug|Any CPU.Build.0 = Debug|Any CPU
		{C620D55D-7CAC-4D2C-A079-078ED0EC57DA}.Debug|x64.ActiveCfg = Debug|x64
		{C620D55D-7CAC-4D2C-A079-078ED0EC57DA}.Debug|x64.Build.0 = Debug|x64
		{C620D55D-7CAC-4D2C-A079-078ED0EC57DA}.Release|Any CPU.ActiveCfg = Release|Any CPU
		{C620D55D-7CAC-4D2C-A079-078ED0EC57DA}.Release|Any CPU.Build.0 = Release|Any CPU
		{C620D55D-7CAC-4D2C-A079-078ED0EC57DA}.Release|x64.ActiveCfg = Release|x64
		{C620D55D-7CAC-4D2C-A079-078ED0EC57DA}.Release|x64.Build.0 = Release|x64
		{6AAEDB22-0789-4841-B5E6-7D584D27D1E9}.Debug|Any CPU.ActiveCfg = Debug|Any CPU
		{6AAEDB22-0789-4841-B5E6-7D584D27D1E9}.Debug|Any CPU.Build.0 = Debug|Any CPU
		{6AAEDB22-0789-4841-B5E6-7D584D27D1E9}.Debug|x64.ActiveCfg = Debug|x64
		{6AAEDB22-0789-4841-B5E6-7D584D27D1E9}.Debug|x64.Build.0 = Debug|x64
		{6AAEDB22-0789-4841-B5E6-7D584D27D1E9}.Release|Any CPU.ActiveCfg = Release|Any CPU
		{6AAEDB22-0789-4841-B5E6-7D584D27D1E9}.Release|Any CPU.Build.0 = Release|Any CPU
		{6AAEDB22-0789-4841-B5E6-7D584D27D1E9}.Release|x64.ActiveCfg = Release|x64
		{6AAEDB22-0789-4841-B5E6-7D584D27D1E9}.Release|x64.Build.0 = Release|x64
		{D82F4877-3ECB-49DE-B3A2-F54F82A48381}.Debug|Any CPU.ActiveCfg = Debug|Any CPU
		{D82F4877-3ECB-49DE-B3A2-F54F82A48381}.Debug|Any CPU.Build.0 = Debug|Any CPU
		{D82F4877-3ECB-49DE-B3A2-F54F82A48381}.Debug|x64.ActiveCfg = Debug|x64
		{D82F4877-3ECB-49DE-B3A2-F54F82A48381}.Debug|x64.Build.0 = Debug|x64
		{D82F4877-3ECB-49DE-B3A2-F54F82A48381}.Release|Any CPU.ActiveCfg = Release|Any CPU
		{D82F4877-3ECB-49DE-B3A2-F54F82A48381}.Release|Any CPU.Build.0 = Release|Any CPU
		{D82F4877-3ECB-49DE-B3A2-F54F82A48381}.Release|x64.ActiveCfg = Release|x64
		{D82F4877-3ECB-49DE-B3A2-F54F82A48381}.Release|x64.Build.0 = Release|x64
		{CA7A16D4-6422-4BA2-9EE9-E413C3967AD8}.Debug|Any CPU.ActiveCfg = Debug|Any CPU
		{CA7A16D4-6422-4BA2-9EE9-E413C3967AD8}.Debug|Any CPU.Build.0 = Debug|Any CPU
		{CA7A16D4-6422-4BA2-9EE9-E413C3967AD8}.Debug|x64.ActiveCfg = Debug|x64
		{CA7A16D4-6422-4BA2-9EE9-E413C3967AD8}.Debug|x64.Build.0 = Debug|x64
		{CA7A16D4-6422-4BA2-9EE9-E413C3967AD8}.Release|Any CPU.ActiveCfg = Release|Any CPU
		{CA7A16D4-6422-4BA2-9EE9-E413C3967AD8}.Release|Any CPU.Build.0 = Release|Any CPU
		{CA7A16D4-6422-4BA2-9EE9-E413C3967AD8}.Release|x64.ActiveCfg = Release|x64
		{CA7A16D4-6422-4BA2-9EE9-E413C3967AD8}.Release|x64.Build.0 = Release|x64
		{20C15B61-1814-44D7-929C-2D80ADEFE4C7}.Debug|Any CPU.ActiveCfg = Debug|Any CPU
		{20C15B61-1814-44D7-929C-2D80ADEFE4C7}.Debug|Any CPU.Build.0 = Debug|Any CPU
		{20C15B61-1814-44D7-929C-2D80ADEFE4C7}.Debug|x64.ActiveCfg = Debug|x64
		{20C15B61-1814-44D7-929C-2D80ADEFE4C7}.Debug|x64.Build.0 = Debug|x64
		{20C15B61-1814-44D7-929C-2D80ADEFE4C7}.Release|Any CPU.ActiveCfg = Release|Any CPU
		{20C15B61-1814-44D7-929C-2D80ADEFE4C7}.Release|Any CPU.Build.0 = Release|Any CPU
		{20C15B61-1814-44D7-929C-2D80ADEFE4C7}.Release|x64.ActiveCfg = Release|x64
		{20C15B61-1814-44D7-929C-2D80ADEFE4C7}.Release|x64.Build.0 = Release|x64
		{91AA3C79-E08F-42E5-BAE3-3F83D804F963}.Debug|Any CPU.ActiveCfg = Debug|Any CPU
		{91AA3C79-E08F-42E5-BAE3-3F83D804F963}.Debug|Any CPU.Build.0 = Debug|Any CPU
		{91AA3C79-E08F-42E5-BAE3-3F83D804F963}.Debug|x64.ActiveCfg = Debug|Any CPU
		{91AA3C79-E08F-42E5-BAE3-3F83D804F963}.Debug|x64.Build.0 = Debug|Any CPU
		{91AA3C79-E08F-42E5-BAE3-3F83D804F963}.Release|Any CPU.ActiveCfg = Release|Any CPU
		{91AA3C79-E08F-42E5-BAE3-3F83D804F963}.Release|Any CPU.Build.0 = Release|Any CPU
		{91AA3C79-E08F-42E5-BAE3-3F83D804F963}.Release|x64.ActiveCfg = Release|Any CPU
		{91AA3C79-E08F-42E5-BAE3-3F83D804F963}.Release|x64.Build.0 = Release|Any CPU
	EndGlobalSection
	GlobalSection(SolutionProperties) = preSolution
		HideSolutionNode = FALSE
	EndGlobalSection
	GlobalSection(ExtensibilityGlobals) = postSolution
		SolutionGuid = {95902433-37F7-450A-A5EE-7EBD23CEFDDC}
	EndGlobalSection
EndGlobal
